
Microsoft Visual Studio Solution File, Format Version 12.00
# Visual Studio Version 16
VisualStudioVersion = 16.0.30114.105
MinimumVisualStudioVersion = 10.0.40219.1
Project("{FAE04EC0-301F-11D3-BF4B-00C04F79EFBC}") = "Chat", "Chat\Chat.csproj", "{853CA050-5569-4226-A28D-A3C6B4C8E0C3}"
EndProject
Project("{9A19103F-16F7-4668-BE54-9A1E7A4F7556}") = "Chat.Core", "ChatApp.Core\Chat.Core.csproj", "{70B37F8B-DECA-4A30-BFE4-AFB739AB9D4D}"
EndProject
Project("{9A19103F-16F7-4668-BE54-9A1E7A4F7556}") = "Chat.Infrastructure", "ChatApp.Infrastructure\Chat.Infrastructure.csproj", "{C019F607-C31B-47AA-8213-4283C938758B}"
EndProject
Global
	GlobalSection(SolutionConfigurationPlatforms) = preSolution
		Debug|Any CPU = Debug|Any CPU
		Release|Any CPU = Release|Any CPU
	EndGlobalSection
	GlobalSection(ProjectConfigurationPlatforms) = postSolution
		{853CA050-5569-4226-A28D-A3C6B4C8E0C3}.Debug|Any CPU.ActiveCfg = Debug|Any CPU
		{853CA050-5569-4226-A28D-A3C6B4C8E0C3}.Debug|Any CPU.Build.0 = Debug|Any CPU
		{853CA050-5569-4226-A28D-A3C6B4C8E0C3}.Release|Any CPU.ActiveCfg = Release|Any CPU
		{853CA050-5569-4226-A28D-A3C6B4C8E0C3}.Release|Any CPU.Build.0 = Release|Any CPU
		{70B37F8B-DECA-4A30-BFE4-AFB739AB9D4D}.Debug|Any CPU.ActiveCfg = Debug|Any CPU
		{70B37F8B-DECA-4A30-BFE4-AFB739AB9D4D}.Debug|Any CPU.Build.0 = Debug|Any CPU
		{70B37F8B-DECA-4A30-BFE4-AFB739AB9D4D}.Release|Any CPU.ActiveCfg = Release|Any CPU
		{70B37F8B-DECA-4A30-BFE4-AFB739AB9D4D}.Release|Any CPU.Build.0 = Release|Any CPU
		{C019F607-C31B-47AA-8213-4283C938758B}.Debug|Any CPU.ActiveCfg = Debug|Any CPU
		{C019F607-C31B-47AA-8213-4283C938758B}.Debug|Any CPU.Build.0 = Debug|Any CPU
		{C019F607-C31B-47AA-8213-4283C938758B}.Release|Any CPU.ActiveCfg = Release|Any CPU
		{C019F607-C31B-47AA-8213-4283C938758B}.Release|Any CPU.Build.0 = Release|Any CPU
	EndGlobalSection
	GlobalSection(SolutionProperties) = preSolution
		HideSolutionNode = FALSE
	EndGlobalSection
	GlobalSection(ExtensibilityGlobals) = postSolution
		SolutionGuid = {9FC2A3A7-6F27-4212-BA9B-63AAD4DB6300}
	EndGlobalSection
EndGlobal
